
Microsoft Visual Studio Solution File, Format Version 12.00
# Visual Studio Version 17
VisualStudioVersion = 17.9.34616.47
MinimumVisualStudioVersion = 10.0.40219.1
Project("{FAE04EC0-301F-11D3-BF4B-00C04F79EFBC}") = "UCP 1 PABD", "UCP 1 PABD\UCP 1 PABD.csproj", "{DAE31D50-ACB4-424F-A479-23119E185E18}"
EndProject
Global
	GlobalSection(SolutionConfigurationPlatforms) = preSolution
		Debug|Any CPU = Debug|Any CPU
		Release|Any CPU = Release|Any CPU
	EndGlobalSection
	GlobalSection(ProjectConfigurationPlatforms) = postSolution
		{DAE31D50-ACB4-424F-A479-23119E185E18}.Debug|Any CPU.ActiveCfg = Debug|Any CPU
		{DAE31D50-ACB4-424F-A479-23119E185E18}.Debug|Any CPU.Build.0 = Debug|Any CPU
		{DAE31D50-ACB4-424F-A479-23119E185E18}.Release|Any CPU.ActiveCfg = Release|Any CPU
		{DAE31D50-ACB4-424F-A479-23119E185E18}.Release|Any CPU.Build.0 = Release|Any CPU
	EndGlobalSection
	GlobalSection(SolutionProperties) = preSolution
		HideSolutionNode = FALSE
	EndGlobalSection
	GlobalSection(ExtensibilityGlobals) = postSolution
		SolutionGuid = {5A0C279A-7375-4BFA-B024-AAEDC78FD3E6}
	EndGlobalSection
EndGlobal
